// !$*UTF8*$!
{
	archiveVersion = 1;
	classes = {
	};
	objectVersion = 46;
	objects = {

/* Begin PBXBuildFile section */
		3E267064181FF633002EFEAA /* TutorDataProvider.m in Sources */ = {isa = PBXBuildFile; fileRef = 3E267060181FF633002EFEAA /* TutorDataProvider.m */; };
		3E267065181FF633002EFEAA /* SYRequest.m in Sources */ = {isa = PBXBuildFile; fileRef = 3E267062181FF633002EFEAA /* SYRequest.m */; };
		3E267075181FF97A002EFEAA /* NSObject+SBJSON.m in Sources */ = {isa = PBXBuildFile; fileRef = 3E26706A181FF97A002EFEAA /* NSObject+SBJSON.m */; settings = {COMPILER_FLAGS = "-fno-objc-arc"; }; };
		3E267076181FF97A002EFEAA /* NSString+SBJSON.m in Sources */ = {isa = PBXBuildFile; fileRef = 3E26706C181FF97A002EFEAA /* NSString+SBJSON.m */; settings = {COMPILER_FLAGS = "-fno-objc-arc"; }; };
		3E267077181FF97A002EFEAA /* SBJSON.m in Sources */ = {isa = PBXBuildFile; fileRef = 3E26706E181FF97A002EFEAA /* SBJSON.m */; settings = {COMPILER_FLAGS = "-fno-objc-arc"; }; };
		3E267078181FF97A002EFEAA /* SBJsonBase.m in Sources */ = {isa = PBXBuildFile; fileRef = 3E267070181FF97A002EFEAA /* SBJsonBase.m */; settings = {COMPILER_FLAGS = "-fno-objc-arc"; }; };
		3E267079181FF97A002EFEAA /* SBJsonParser.m in Sources */ = {isa = PBXBuildFile; fileRef = 3E267072181FF97A002EFEAA /* SBJsonParser.m */; settings = {COMPILER_FLAGS = "-fno-objc-arc"; }; };
		3E26707A181FF97A002EFEAA /* SBJsonWriter.m in Sources */ = {isa = PBXBuildFile; fileRef = 3E267074181FF97A002EFEAA /* SBJsonWriter.m */; settings = {COMPILER_FLAGS = "-fno-objc-arc"; }; };
		3E2E0358181FEEA900B0EE49 /* Toolkit.m in Sources */ = {isa = PBXBuildFile; fileRef = 3E2E031B181FEEA900B0EE49 /* Toolkit.m */; };
		3E2E0359181FEEA900B0EE49 /* UIImage+NSBundle.m in Sources */ = {isa = PBXBuildFile; fileRef = 3E2E031D181FEEA900B0EE49 /* UIImage+NSBundle.m */; settings = {COMPILER_FLAGS = "-fno-objc-arc"; }; };
		3E2E035A181FEEA900B0EE49 /* BaseNavigationController.m in Sources */ = {isa = PBXBuildFile; fileRef = 3E2E0320181FEEA900B0EE49 /* BaseNavigationController.m */; };
		3E2E035B181FEEA900B0EE49 /* CustomTabBarViewController.m in Sources */ = {isa = PBXBuildFile; fileRef = 3E2E0322181FEEA900B0EE49 /* CustomTabBarViewController.m */; };
		3E2E035C181FEEA900B0EE49 /* FirstPageViewController.m in Sources */ = {isa = PBXBuildFile; fileRef = 3E2E0325181FEEA900B0EE49 /* FirstPageViewController.m */; };
		3E2E035D181FEEA900B0EE49 /* MineViewController.m in Sources */ = {isa = PBXBuildFile; fileRef = 3E2E032C181FEEA900B0EE49 /* MineViewController.m */; };
		3E2E035E181FEEA900B0EE49 /* MoreViewController.m in Sources */ = {isa = PBXBuildFile; fileRef = 3E2E032F181FEEA900B0EE49 /* MoreViewController.m */; };
		3E2E035F181FEEA900B0EE49 /* OrderViewController.m in Sources */ = {isa = PBXBuildFile; fileRef = 3E2E0332181FEEA900B0EE49 /* OrderViewController.m */; };
		3E2E0360181FEEA900B0EE49 /* PublicViewController.m in Sources */ = {isa = PBXBuildFile; fileRef = 3E2E0335181FEEA900B0EE49 /* PublicViewController.m */; };
		3E2E0361181FEEA900B0EE49 /* LoginViewController.m in Sources */ = {isa = PBXBuildFile; fileRef = 3E2E0338181FEEA900B0EE49 /* LoginViewController.m */; };
		3E2E0362181FEEA900B0EE49 /* RegisterViewController.m in Sources */ = {isa = PBXBuildFile; fileRef = 3E2E033A181FEEA900B0EE49 /* RegisterViewController.m */; };
		3E2E0363181FEEA900B0EE49 /* WelcomeViewController.m in Sources */ = {isa = PBXBuildFile; fileRef = 3E2E033C181FEEA900B0EE49 /* WelcomeViewController.m */; };
		3E2E0364181FEEA900B0EE49 /* arrowDown.png in Resources */ = {isa = PBXBuildFile; fileRef = 3E2E033F181FEEA900B0EE49 /* arrowDown.png */; };
		3E2E0365181FEEA900B0EE49 /* btnFirstPage.png in Resources */ = {isa = PBXBuildFile; fileRef = 3E2E0340181FEEA900B0EE49 /* btnFirstPage.png */; };
		3E2E0366181FEEA900B0EE49 /* btnFirstPageH.png in Resources */ = {isa = PBXBuildFile; fileRef = 3E2E0341181FEEA900B0EE49 /* btnFirstPageH.png */; };
		3E2E0367181FEEA900B0EE49 /* btnMine.png in Resources */ = {isa = PBXBuildFile; fileRef = 3E2E0342181FEEA900B0EE49 /* btnMine.png */; };
		3E2E0368181FEEA900B0EE49 /* btnMineH.png in Resources */ = {isa = PBXBuildFile; fileRef = 3E2E0343181FEEA900B0EE49 /* btnMineH.png */; };
		3E2E0369181FEEA900B0EE49 /* btnMore.png in Resources */ = {isa = PBXBuildFile; fileRef = 3E2E0344181FEEA900B0EE49 /* btnMore.png */; };
		3E2E036A181FEEA900B0EE49 /* btnMoreH.png in Resources */ = {isa = PBXBuildFile; fileRef = 3E2E0345181FEEA900B0EE49 /* btnMoreH.png */; };
		3E2E036B181FEEA900B0EE49 /* btnOderH.png in Resources */ = {isa = PBXBuildFile; fileRef = 3E2E0346181FEEA900B0EE49 /* btnOderH.png */; };
		3E2E036C181FEEA900B0EE49 /* btnOrder.png in Resources */ = {isa = PBXBuildFile; fileRef = 3E2E0347181FEEA900B0EE49 /* btnOrder.png */; };
		3E2E036D181FEEA900B0EE49 /* btnPublish.png in Resources */ = {isa = PBXBuildFile; fileRef = 3E2E0348181FEEA900B0EE49 /* btnPublish.png */; };
		3E2E036E181FEEA900B0EE49 /* btnPublishH.png in Resources */ = {isa = PBXBuildFile; fileRef = 3E2E0349181FEEA900B0EE49 /* btnPublishH.png */; };
		3E2E036F181FEEA900B0EE49 /* tabBarBG.png in Resources */ = {isa = PBXBuildFile; fileRef = 3E2E034A181FEEA900B0EE49 /* tabBarBG.png */; };
		3E2E0370181FEEA900B0EE49 /* btnBack.png in Resources */ = {isa = PBXBuildFile; fileRef = 3E2E034C181FEEA900B0EE49 /* btnBack.png */; };
		3E2E0371181FEEA900B0EE49 /* btnDotutor.png in Resources */ = {isa = PBXBuildFile; fileRef = 3E2E034D181FEEA900B0EE49 /* btnDotutor.png */; };
		3E2E0372181FEEA900B0EE49 /* btnFindtutor.png in Resources */ = {isa = PBXBuildFile; fileRef = 3E2E034E181FEEA900B0EE49 /* btnFindtutor.png */; };
		3E2E0373181FEEA900B0EE49 /* btnLogin.png in Resources */ = {isa = PBXBuildFile; fileRef = 3E2E034F181FEEA900B0EE49 /* btnLogin.png */; };
		3E2E0374181FEEA900B0EE49 /* btnLook.png in Resources */ = {isa = PBXBuildFile; fileRef = 3E2E0350181FEEA900B0EE49 /* btnLook.png */; };
		3E2E0375181FEEA900B0EE49 /* btnNewRegister.png in Resources */ = {isa = PBXBuildFile; fileRef = 3E2E0351181FEEA900B0EE49 /* btnNewRegister.png */; };
		3E2E0376181FEEA900B0EE49 /* btnRegister.png in Resources */ = {isa = PBXBuildFile; fileRef = 3E2E0352181FEEA900B0EE49 /* btnRegister.png */; };
		3E2E0377181FEEA900B0EE49 /* check.png in Resources */ = {isa = PBXBuildFile; fileRef = 3E2E0353181FEEA900B0EE49 /* check.png */; };
		3E2E0378181FEEA900B0EE49 /* declarationBG.png in Resources */ = {isa = PBXBuildFile; fileRef = 3E2E0354181FEEA900B0EE49 /* declarationBG.png */; };
		3E2E0379181FEEA900B0EE49 /* imgLogo.png in Resources */ = {isa = PBXBuildFile; fileRef = 3E2E0355181FEEA900B0EE49 /* imgLogo.png */; };
		3E2E037A181FEEA900B0EE49 /* loginInputView.png in Resources */ = {isa = PBXBuildFile; fileRef = 3E2E0356181FEEA900B0EE49 /* loginInputView.png */; };
		3E2E037B181FEEA900B0EE49 /* topbar.png in Resources */ = {isa = PBXBuildFile; fileRef = 3E2E0357181FEEA900B0EE49 /* topbar.png */; };
		3EB1785B181D781000A28C0C /* Foundation.framework in Frameworks */ = {isa = PBXBuildFile; fileRef = 3EB1785A181D781000A28C0C /* Foundation.framework */; };
		3EB1785D181D781000A28C0C /* CoreGraphics.framework in Frameworks */ = {isa = PBXBuildFile; fileRef = 3EB1785C181D781000A28C0C /* CoreGraphics.framework */; };
		3EB1785F181D781000A28C0C /* UIKit.framework in Frameworks */ = {isa = PBXBuildFile; fileRef = 3EB1785E181D781000A28C0C /* UIKit.framework */; };
		3EB17865181D781000A28C0C /* InfoPlist.strings in Resources */ = {isa = PBXBuildFile; fileRef = 3EB17863181D781000A28C0C /* InfoPlist.strings */; };
		3EB17867181D781000A28C0C /* main.m in Sources */ = {isa = PBXBuildFile; fileRef = 3EB17866181D781000A28C0C /* main.m */; };
		3EB1786B181D781100A28C0C /* AppDelegate.m in Sources */ = {isa = PBXBuildFile; fileRef = 3EB1786A181D781100A28C0C /* AppDelegate.m */; };
		3EB1786D181D781100A28C0C /* Images.xcassets in Resources */ = {isa = PBXBuildFile; fileRef = 3EB1786C181D781100A28C0C /* Images.xcassets */; };
		3EB17874181D781100A28C0C /* XCTest.framework in Frameworks */ = {isa = PBXBuildFile; fileRef = 3EB17873181D781100A28C0C /* XCTest.framework */; };
		3EB17875181D781100A28C0C /* Foundation.framework in Frameworks */ = {isa = PBXBuildFile; fileRef = 3EB1785A181D781000A28C0C /* Foundation.framework */; };
		3EB17876181D781100A28C0C /* UIKit.framework in Frameworks */ = {isa = PBXBuildFile; fileRef = 3EB1785E181D781000A28C0C /* UIKit.framework */; };
		3EB1787E181D781100A28C0C /* InfoPlist.strings in Resources */ = {isa = PBXBuildFile; fileRef = 3EB1787C181D781100A28C0C /* InfoPlist.strings */; };
		3EB17880181D781100A28C0C /* TutorTests.m in Sources */ = {isa = PBXBuildFile; fileRef = 3EB1787F181D781100A28C0C /* TutorTests.m */; };
/* End PBXBuildFile section */

/* Begin PBXContainerItemProxy section */
		3EB17877181D781100A28C0C /* PBXContainerItemProxy */ = {
			isa = PBXContainerItemProxy;
			containerPortal = 3EB1784F181D781000A28C0C /* Project object */;
			proxyType = 1;
			remoteGlobalIDString = 3EB17856181D781000A28C0C;
			remoteInfo = Tutor;
		};
/* End PBXContainerItemProxy section */

/* Begin PBXFileReference section */
		3E26705F181FF633002EFEAA /* TutorDataProvider.h */ = {isa = PBXFileReference; fileEncoding = 4; lastKnownFileType = sourcecode.c.h; path = TutorDataProvider.h; sourceTree = "<group>"; };
		3E267060181FF633002EFEAA /* TutorDataProvider.m */ = {isa = PBXFileReference; fileEncoding = 4; lastKnownFileType = sourcecode.c.objc; path = TutorDataProvider.m; sourceTree = "<group>"; };
		3E267061181FF633002EFEAA /* SYRequest.h */ = {isa = PBXFileReference; fileEncoding = 4; lastKnownFileType = sourcecode.c.h; path = SYRequest.h; sourceTree = "<group>"; };
		3E267062181FF633002EFEAA /* SYRequest.m */ = {isa = PBXFileReference; fileEncoding = 4; lastKnownFileType = sourcecode.c.objc; path = SYRequest.m; sourceTree = "<group>"; };
		3E267063181FF633002EFEAA /* SYRequestDelegate.h */ = {isa = PBXFileReference; fileEncoding = 4; lastKnownFileType = sourcecode.c.h; path = SYRequestDelegate.h; sourceTree = "<group>"; };
		3E267068181FF97A002EFEAA /* JSON.h */ = {isa = PBXFileReference; fileEncoding = 4; lastKnownFileType = sourcecode.c.h; path = JSON.h; sourceTree = "<group>"; };
		3E267069181FF97A002EFEAA /* NSObject+SBJSON.h */ = {isa = PBXFileReference; fileEncoding = 4; lastKnownFileType = sourcecode.c.h; path = "NSObject+SBJSON.h"; sourceTree = "<group>"; };
		3E26706A181FF97A002EFEAA /* NSObject+SBJSON.m */ = {isa = PBXFileReference; fileEncoding = 4; lastKnownFileType = sourcecode.c.objc; path = "NSObject+SBJSON.m"; sourceTree = "<group>"; };
		3E26706B181FF97A002EFEAA /* NSString+SBJSON.h */ = {isa = PBXFileReference; fileEncoding = 4; lastKnownFileType = sourcecode.c.h; path = "NSString+SBJSON.h"; sourceTree = "<group>"; };
		3E26706C181FF97A002EFEAA /* NSString+SBJSON.m */ = {isa = PBXFileReference; fileEncoding = 4; lastKnownFileType = sourcecode.c.objc; path = "NSString+SBJSON.m"; sourceTree = "<group>"; };
		3E26706D181FF97A002EFEAA /* SBJSON.h */ = {isa = PBXFileReference; fileEncoding = 4; lastKnownFileType = sourcecode.c.h; path = SBJSON.h; sourceTree = "<group>"; };
		3E26706E181FF97A002EFEAA /* SBJSON.m */ = {isa = PBXFileReference; fileEncoding = 4; lastKnownFileType = sourcecode.c.objc; path = SBJSON.m; sourceTree = "<group>"; };
		3E26706F181FF97A002EFEAA /* SBJsonBase.h */ = {isa = PBXFileReference; fileEncoding = 4; lastKnownFileType = sourcecode.c.h; path = SBJsonBase.h; sourceTree = "<group>"; };
		3E267070181FF97A002EFEAA /* SBJsonBase.m */ = {isa = PBXFileReference; fileEncoding = 4; lastKnownFileType = sourcecode.c.objc; path = SBJsonBase.m; sourceTree = "<group>"; };
		3E267071181FF97A002EFEAA /* SBJsonParser.h */ = {isa = PBXFileReference; fileEncoding = 4; lastKnownFileType = sourcecode.c.h; path = SBJsonParser.h; sourceTree = "<group>"; };
		3E267072181FF97A002EFEAA /* SBJsonParser.m */ = {isa = PBXFileReference; fileEncoding = 4; lastKnownFileType = sourcecode.c.objc; path = SBJsonParser.m; sourceTree = "<group>"; };
		3E267073181FF97A002EFEAA /* SBJsonWriter.h */ = {isa = PBXFileReference; fileEncoding = 4; lastKnownFileType = sourcecode.c.h; path = SBJsonWriter.h; sourceTree = "<group>"; };
		3E267074181FF97A002EFEAA /* SBJsonWriter.m */ = {isa = PBXFileReference; fileEncoding = 4; lastKnownFileType = sourcecode.c.objc; path = SBJsonWriter.m; sourceTree = "<group>"; };
		3E2E031A181FEEA900B0EE49 /* Toolkit.h */ = {isa = PBXFileReference; fileEncoding = 4; lastKnownFileType = sourcecode.c.h; path = Toolkit.h; sourceTree = "<group>"; };
		3E2E031B181FEEA900B0EE49 /* Toolkit.m */ = {isa = PBXFileReference; fileEncoding = 4; lastKnownFileType = sourcecode.c.objc; path = Toolkit.m; sourceTree = "<group>"; };
		3E2E031C181FEEA900B0EE49 /* UIImage+NSBundle.h */ = {isa = PBXFileReference; fileEncoding = 4; lastKnownFileType = sourcecode.c.h; path = "UIImage+NSBundle.h"; sourceTree = "<group>"; };
		3E2E031D181FEEA900B0EE49 /* UIImage+NSBundle.m */ = {isa = PBXFileReference; fileEncoding = 4; lastKnownFileType = sourcecode.c.objc; path = "UIImage+NSBundle.m"; sourceTree = "<group>"; };
		3E2E031F181FEEA900B0EE49 /* BaseNavigationController.h */ = {isa = PBXFileReference; fileEncoding = 4; lastKnownFileType = sourcecode.c.h; path = BaseNavigationController.h; sourceTree = "<group>"; };
		3E2E0320181FEEA900B0EE49 /* BaseNavigationController.m */ = {isa = PBXFileReference; fileEncoding = 4; lastKnownFileType = sourcecode.c.objc; path = BaseNavigationController.m; sourceTree = "<group>"; };
		3E2E0321181FEEA900B0EE49 /* CustomTabBarViewController.h */ = {isa = PBXFileReference; fileEncoding = 4; lastKnownFileType = sourcecode.c.h; path = CustomTabBarViewController.h; sourceTree = "<group>"; };
		3E2E0322181FEEA900B0EE49 /* CustomTabBarViewController.m */ = {isa = PBXFileReference; fileEncoding = 4; lastKnownFileType = sourcecode.c.objc; path = CustomTabBarViewController.m; sourceTree = "<group>"; };
		3E2E0324181FEEA900B0EE49 /* FirstPageViewController.h */ = {isa = PBXFileReference; fileEncoding = 4; lastKnownFileType = sourcecode.c.h; path = FirstPageViewController.h; sourceTree = "<group>"; };
		3E2E0325181FEEA900B0EE49 /* FirstPageViewController.m */ = {isa = PBXFileReference; fileEncoding = 4; lastKnownFileType = sourcecode.c.objc; path = FirstPageViewController.m; sourceTree = "<group>"; };
		3E2E0327181FEEA900B0EE49 /* CommenDef.h */ = {isa = PBXFileReference; fileEncoding = 4; lastKnownFileType = sourcecode.c.h; path = CommenDef.h; sourceTree = "<group>"; };
		3E2E0328181FEEA900B0EE49 /* Consdef.h */ = {isa = PBXFileReference; fileEncoding = 4; lastKnownFileType = sourcecode.c.h; path = Consdef.h; sourceTree = "<group>"; };
		3E2E0329181FEEA900B0EE49 /* Enum.h */ = {isa = PBXFileReference; fileEncoding = 4; lastKnownFileType = sourcecode.c.h; path = Enum.h; sourceTree = "<group>"; };
		3E2E032B181FEEA900B0EE49 /* MineViewController.h */ = {isa = PBXFileReference; fileEncoding = 4; lastKnownFileType = sourcecode.c.h; path = MineViewController.h; sourceTree = "<group>"; };
		3E2E032C181FEEA900B0EE49 /* MineViewController.m */ = {isa = PBXFileReference; fileEncoding = 4; lastKnownFileType = sourcecode.c.objc; path = MineViewController.m; sourceTree = "<group>"; };
		3E2E032E181FEEA900B0EE49 /* MoreViewController.h */ = {isa = PBXFileReference; fileEncoding = 4; lastKnownFileType = sourcecode.c.h; path = MoreViewController.h; sourceTree = "<group>"; };
		3E2E032F181FEEA900B0EE49 /* MoreViewController.m */ = {isa = PBXFileReference; fileEncoding = 4; lastKnownFileType = sourcecode.c.objc; path = MoreViewController.m; sourceTree = "<group>"; };
		3E2E0331181FEEA900B0EE49 /* OrderViewController.h */ = {isa = PBXFileReference; fileEncoding = 4; lastKnownFileType = sourcecode.c.h; path = OrderViewController.h; sourceTree = "<group>"; };
		3E2E0332181FEEA900B0EE49 /* OrderViewController.m */ = {isa = PBXFileReference; fileEncoding = 4; lastKnownFileType = sourcecode.c.objc; path = OrderViewController.m; sourceTree = "<group>"; };
		3E2E0334181FEEA900B0EE49 /* PublicViewController.h */ = {isa = PBXFileReference; fileEncoding = 4; lastKnownFileType = sourcecode.c.h; path = PublicViewController.h; sourceTree = "<group>"; };
		3E2E0335181FEEA900B0EE49 /* PublicViewController.m */ = {isa = PBXFileReference; fileEncoding = 4; lastKnownFileType = sourcecode.c.objc; path = PublicViewController.m; sourceTree = "<group>"; };
		3E2E0337181FEEA900B0EE49 /* LoginViewController.h */ = {isa = PBXFileReference; fileEncoding = 4; lastKnownFileType = sourcecode.c.h; path = LoginViewController.h; sourceTree = "<group>"; };
		3E2E0338181FEEA900B0EE49 /* LoginViewController.m */ = {isa = PBXFileReference; fileEncoding = 4; lastKnownFileType = sourcecode.c.objc; path = LoginViewController.m; sourceTree = "<group>"; };
		3E2E0339181FEEA900B0EE49 /* RegisterViewController.h */ = {isa = PBXFileReference; fileEncoding = 4; lastKnownFileType = sourcecode.c.h; path = RegisterViewController.h; sourceTree = "<group>"; };
		3E2E033A181FEEA900B0EE49 /* RegisterViewController.m */ = {isa = PBXFileReference; fileEncoding = 4; lastKnownFileType = sourcecode.c.objc; path = RegisterViewController.m; sourceTree = "<group>"; };
		3E2E033B181FEEA900B0EE49 /* WelcomeViewController.h */ = {isa = PBXFileReference; fileEncoding = 4; lastKnownFileType = sourcecode.c.h; path = WelcomeViewController.h; sourceTree = "<group>"; };
		3E2E033C181FEEA900B0EE49 /* WelcomeViewController.m */ = {isa = PBXFileReference; fileEncoding = 4; lastKnownFileType = sourcecode.c.objc; path = WelcomeViewController.m; sourceTree = "<group>"; };
		3E2E033F181FEEA900B0EE49 /* arrowDown.png */ = {isa = PBXFileReference; lastKnownFileType = image.png; path = arrowDown.png; sourceTree = "<group>"; };
		3E2E0340181FEEA900B0EE49 /* btnFirstPage.png */ = {isa = PBXFileReference; lastKnownFileType = image.png; path = btnFirstPage.png; sourceTree = "<group>"; };
		3E2E0341181FEEA900B0EE49 /* btnFirstPageH.png */ = {isa = PBXFileReference; lastKnownFileType = image.png; path = btnFirstPageH.png; sourceTree = "<group>"; };
		3E2E0342181FEEA900B0EE49 /* btnMine.png */ = {isa = PBXFileReference; lastKnownFileType = image.png; path = btnMine.png; sourceTree = "<group>"; };
		3E2E0343181FEEA900B0EE49 /* btnMineH.png */ = {isa = PBXFileReference; lastKnownFileType = image.png; path = btnMineH.png; sourceTree = "<group>"; };
		3E2E0344181FEEA900B0EE49 /* btnMore.png */ = {isa = PBXFileReference; lastKnownFileType = image.png; path = btnMore.png; sourceTree = "<group>"; };
		3E2E0345181FEEA900B0EE49 /* btnMoreH.png */ = {isa = PBXFileReference; lastKnownFileType = image.png; path = btnMoreH.png; sourceTree = "<group>"; };
		3E2E0346181FEEA900B0EE49 /* btnOderH.png */ = {isa = PBXFileReference; lastKnownFileType = image.png; path = btnOderH.png; sourceTree = "<group>"; };
		3E2E0347181FEEA900B0EE49 /* btnOrder.png */ = {isa = PBXFileReference; lastKnownFileType = image.png; path = btnOrder.png; sourceTree = "<group>"; };
		3E2E0348181FEEA900B0EE49 /* btnPublish.png */ = {isa = PBXFileReference; lastKnownFileType = image.png; path = btnPublish.png; sourceTree = "<group>"; };
		3E2E0349181FEEA900B0EE49 /* btnPublishH.png */ = {isa = PBXFileReference; lastKnownFileType = image.png; path = btnPublishH.png; sourceTree = "<group>"; };
		3E2E034A181FEEA900B0EE49 /* tabBarBG.png */ = {isa = PBXFileReference; lastKnownFileType = image.png; path = tabBarBG.png; sourceTree = "<group>"; };
		3E2E034C181FEEA900B0EE49 /* btnBack.png */ = {isa = PBXFileReference; lastKnownFileType = image.png; path = btnBack.png; sourceTree = "<group>"; };
		3E2E034D181FEEA900B0EE49 /* btnDotutor.png */ = {isa = PBXFileReference; lastKnownFileType = image.png; path = btnDotutor.png; sourceTree = "<group>"; };
		3E2E034E181FEEA900B0EE49 /* btnFindtutor.png */ = {isa = PBXFileReference; lastKnownFileType = image.png; path = btnFindtutor.png; sourceTree = "<group>"; };
		3E2E034F181FEEA900B0EE49 /* btnLogin.png */ = {isa = PBXFileReference; lastKnownFileType = image.png; path = btnLogin.png; sourceTree = "<group>"; };
		3E2E0350181FEEA900B0EE49 /* btnLook.png */ = {isa = PBXFileReference; lastKnownFileType = image.png; path = btnLook.png; sourceTree = "<group>"; };
		3E2E0351181FEEA900B0EE49 /* btnNewRegister.png */ = {isa = PBXFileReference; lastKnownFileType = image.png; path = btnNewRegister.png; sourceTree = "<group>"; };
		3E2E0352181FEEA900B0EE49 /* btnRegister.png */ = {isa = PBXFileReference; lastKnownFileType = image.png; path = btnRegister.png; sourceTree = "<group>"; };
		3E2E0353181FEEA900B0EE49 /* check.png */ = {isa = PBXFileReference; lastKnownFileType = image.png; path = check.png; sourceTree = "<group>"; };
		3E2E0354181FEEA900B0EE49 /* declarationBG.png */ = {isa = PBXFileReference; lastKnownFileType = image.png; path = declarationBG.png; sourceTree = "<group>"; };
		3E2E0355181FEEA900B0EE49 /* imgLogo.png */ = {isa = PBXFileReference; lastKnownFileType = image.png; path = imgLogo.png; sourceTree = "<group>"; };
		3E2E0356181FEEA900B0EE49 /* loginInputView.png */ = {isa = PBXFileReference; lastKnownFileType = image.png; path = loginInputView.png; sourceTree = "<group>"; };
		3E2E0357181FEEA900B0EE49 /* topbar.png */ = {isa = PBXFileReference; lastKnownFileType = image.png; path = topbar.png; sourceTree = "<group>"; };
		3EB17857181D781000A28C0C /* Tutor.app */ = {isa = PBXFileReference; explicitFileType = wrapper.application; includeInIndex = 0; path = Tutor.app; sourceTree = BUILT_PRODUCTS_DIR; };
		3EB1785A181D781000A28C0C /* Foundation.framework */ = {isa = PBXFileReference; lastKnownFileType = wrapper.framework; name = Foundation.framework; path = System/Library/Frameworks/Foundation.framework; sourceTree = SDKROOT; };
		3EB1785C181D781000A28C0C /* CoreGraphics.framework */ = {isa = PBXFileReference; lastKnownFileType = wrapper.framework; name = CoreGraphics.framework; path = System/Library/Frameworks/CoreGraphics.framework; sourceTree = SDKROOT; };
		3EB1785E181D781000A28C0C /* UIKit.framework */ = {isa = PBXFileReference; lastKnownFileType = wrapper.framework; name = UIKit.framework; path = System/Library/Frameworks/UIKit.framework; sourceTree = SDKROOT; };
		3EB17862181D781000A28C0C /* Tutor-Info.plist */ = {isa = PBXFileReference; lastKnownFileType = text.plist.xml; path = "Tutor-Info.plist"; sourceTree = "<group>"; };
		3EB17864181D781000A28C0C /* en */ = {isa = PBXFileReference; lastKnownFileType = text.plist.strings; name = en; path = en.lproj/InfoPlist.strings; sourceTree = "<group>"; };
		3EB17866181D781000A28C0C /* main.m */ = {isa = PBXFileReference; lastKnownFileType = sourcecode.c.objc; path = main.m; sourceTree = "<group>"; };
		3EB17868181D781000A28C0C /* Tutor-Prefix.pch */ = {isa = PBXFileReference; lastKnownFileType = sourcecode.c.h; path = "Tutor-Prefix.pch"; sourceTree = "<group>"; };
		3EB17869181D781000A28C0C /* AppDelegate.h */ = {isa = PBXFileReference; lastKnownFileType = sourcecode.c.h; path = AppDelegate.h; sourceTree = "<group>"; };
		3EB1786A181D781100A28C0C /* AppDelegate.m */ = {isa = PBXFileReference; lastKnownFileType = sourcecode.c.objc; path = AppDelegate.m; sourceTree = "<group>"; };
		3EB1786C181D781100A28C0C /* Images.xcassets */ = {isa = PBXFileReference; lastKnownFileType = folder.assetcatalog; path = Images.xcassets; sourceTree = "<group>"; };
		3EB17872181D781100A28C0C /* TutorTests.xctest */ = {isa = PBXFileReference; explicitFileType = wrapper.cfbundle; includeInIndex = 0; path = TutorTests.xctest; sourceTree = BUILT_PRODUCTS_DIR; };
		3EB17873181D781100A28C0C /* XCTest.framework */ = {isa = PBXFileReference; lastKnownFileType = wrapper.framework; name = XCTest.framework; path = Library/Frameworks/XCTest.framework; sourceTree = DEVELOPER_DIR; };
		3EB1787B181D781100A28C0C /* TutorTests-Info.plist */ = {isa = PBXFileReference; lastKnownFileType = text.plist.xml; path = "TutorTests-Info.plist"; sourceTree = "<group>"; };
		3EB1787D181D781100A28C0C /* en */ = {isa = PBXFileReference; lastKnownFileType = text.plist.strings; name = en; path = en.lproj/InfoPlist.strings; sourceTree = "<group>"; };
		3EB1787F181D781100A28C0C /* TutorTests.m */ = {isa = PBXFileReference; lastKnownFileType = sourcecode.c.objc; path = TutorTests.m; sourceTree = "<group>"; };
/* End PBXFileReference section */

/* Begin PBXFrameworksBuildPhase section */
		3EB17854181D781000A28C0C /* Frameworks */ = {
			isa = PBXFrameworksBuildPhase;
			buildActionMask = 2147483647;
			files = (
				3EB1785D181D781000A28C0C /* CoreGraphics.framework in Frameworks */,
				3EB1785F181D781000A28C0C /* UIKit.framework in Frameworks */,
				3EB1785B181D781000A28C0C /* Foundation.framework in Frameworks */,
			);
			runOnlyForDeploymentPostprocessing = 0;
		};
		3EB1786F181D781100A28C0C /* Frameworks */ = {
			isa = PBXFrameworksBuildPhase;
			buildActionMask = 2147483647;
			files = (
				3EB17874181D781100A28C0C /* XCTest.framework in Frameworks */,
				3EB17876181D781100A28C0C /* UIKit.framework in Frameworks */,
				3EB17875181D781100A28C0C /* Foundation.framework in Frameworks */,
			);
			runOnlyForDeploymentPostprocessing = 0;
		};
/* End PBXFrameworksBuildPhase section */

/* Begin PBXGroup section */
		3E26705E181FF61D002EFEAA /* Data */ = {
			isa = PBXGroup;
			children = (
				3E26705F181FF633002EFEAA /* TutorDataProvider.h */,
				3E267060181FF633002EFEAA /* TutorDataProvider.m */,
				3E267061181FF633002EFEAA /* SYRequest.h */,
				3E267062181FF633002EFEAA /* SYRequest.m */,
				3E267063181FF633002EFEAA /* SYRequestDelegate.h */,
			);
			path = Data;
			sourceTree = "<group>";
		};
		3E267066181FF968002EFEAA /* Library */ = {
			isa = PBXGroup;
			children = (
				3E267067181FF97A002EFEAA /* SBJSON */,
			);
			path = Library;
			sourceTree = "<group>";
		};
		3E267067181FF97A002EFEAA /* SBJSON */ = {
			isa = PBXGroup;
			children = (
				3E267068181FF97A002EFEAA /* JSON.h */,
				3E267069181FF97A002EFEAA /* NSObject+SBJSON.h */,
				3E26706A181FF97A002EFEAA /* NSObject+SBJSON.m */,
				3E26706B181FF97A002EFEAA /* NSString+SBJSON.h */,
				3E26706C181FF97A002EFEAA /* NSString+SBJSON.m */,
				3E26706D181FF97A002EFEAA /* SBJSON.h */,
				3E26706E181FF97A002EFEAA /* SBJSON.m */,
				3E26706F181FF97A002EFEAA /* SBJsonBase.h */,
				3E267070181FF97A002EFEAA /* SBJsonBase.m */,
				3E267071181FF97A002EFEAA /* SBJsonParser.h */,
				3E267072181FF97A002EFEAA /* SBJsonParser.m */,
				3E267073181FF97A002EFEAA /* SBJsonWriter.h */,
				3E267074181FF97A002EFEAA /* SBJsonWriter.m */,
			);
			path = SBJSON;
			sourceTree = "<group>";
		};
		3E2E0318181FEEA900B0EE49 /* Class */ = {
			isa = PBXGroup;
			children = (
				3E2E0319181FEEA900B0EE49 /* Common */,
				3E2E031E181FEEA900B0EE49 /* CustomViewController */,
				3E2E0323181FEEA900B0EE49 /* FirstPage */,
				3E2E0326181FEEA900B0EE49 /* Include */,
				3E2E032A181FEEA900B0EE49 /* Mine */,
				3E2E032D181FEEA900B0EE49 /* More */,
				3E2E0330181FEEA900B0EE49 /* Order */,
				3E2E0333181FEEA900B0EE49 /* Publish */,
				3E2E0336181FEEA900B0EE49 /* RegisterAndLogin */,
			);
			path = Class;
			sourceTree = "<group>";
		};
		3E2E0319181FEEA900B0EE49 /* Common */ = {
			isa = PBXGroup;
			children = (
				3E2E031A181FEEA900B0EE49 /* Toolkit.h */,
				3E2E031B181FEEA900B0EE49 /* Toolkit.m */,
				3E2E031C181FEEA900B0EE49 /* UIImage+NSBundle.h */,
				3E2E031D181FEEA900B0EE49 /* UIImage+NSBundle.m */,
			);
			path = Common;
			sourceTree = "<group>";
		};
		3E2E031E181FEEA900B0EE49 /* CustomViewController */ = {
			isa = PBXGroup;
			children = (
				3E2E031F181FEEA900B0EE49 /* BaseNavigationController.h */,
				3E2E0320181FEEA900B0EE49 /* BaseNavigationController.m */,
				3E2E0321181FEEA900B0EE49 /* CustomTabBarViewController.h */,
				3E2E0322181FEEA900B0EE49 /* CustomTabBarViewController.m */,
			);
			path = CustomViewController;
			sourceTree = "<group>";
		};
		3E2E0323181FEEA900B0EE49 /* FirstPage */ = {
			isa = PBXGroup;
			children = (
				3E2E0324181FEEA900B0EE49 /* FirstPageViewController.h */,
				3E2E0325181FEEA900B0EE49 /* FirstPageViewController.m */,
			);
			path = FirstPage;
			sourceTree = "<group>";
		};
		3E2E0326181FEEA900B0EE49 /* Include */ = {
			isa = PBXGroup;
			children = (
				3E2E0327181FEEA900B0EE49 /* CommenDef.h */,
				3E2E0328181FEEA900B0EE49 /* Consdef.h */,
				3E2E0329181FEEA900B0EE49 /* Enum.h */,
			);
			path = Include;
			sourceTree = "<group>";
		};
		3E2E032A181FEEA900B0EE49 /* Mine */ = {
			isa = PBXGroup;
			children = (
				3E2E032B181FEEA900B0EE49 /* MineViewController.h */,
				3E2E032C181FEEA900B0EE49 /* MineViewController.m */,
			);
			path = Mine;
			sourceTree = "<group>";
		};
		3E2E032D181FEEA900B0EE49 /* More */ = {
			isa = PBXGroup;
			children = (
				3E2E032E181FEEA900B0EE49 /* MoreViewController.h */,
				3E2E032F181FEEA900B0EE49 /* MoreViewController.m */,
			);
			path = More;
			sourceTree = "<group>";
		};
		3E2E0330181FEEA900B0EE49 /* Order */ = {
			isa = PBXGroup;
			children = (
				3E2E0331181FEEA900B0EE49 /* OrderViewController.h */,
				3E2E0332181FEEA900B0EE49 /* OrderViewController.m */,
			);
			path = Order;
			sourceTree = "<group>";
		};
		3E2E0333181FEEA900B0EE49 /* Publish */ = {
			isa = PBXGroup;
			children = (
				3E2E0334181FEEA900B0EE49 /* PublicViewController.h */,
				3E2E0335181FEEA900B0EE49 /* PublicViewController.m */,
			);
			path = Publish;
			sourceTree = "<group>";
		};
		3E2E0336181FEEA900B0EE49 /* RegisterAndLogin */ = {
			isa = PBXGroup;
			children = (
				3E2E0337181FEEA900B0EE49 /* LoginViewController.h */,
				3E2E0338181FEEA900B0EE49 /* LoginViewController.m */,
				3E2E0339181FEEA900B0EE49 /* RegisterViewController.h */,
				3E2E033A181FEEA900B0EE49 /* RegisterViewController.m */,
				3E2E033B181FEEA900B0EE49 /* WelcomeViewController.h */,
				3E2E033C181FEEA900B0EE49 /* WelcomeViewController.m */,
			);
			path = RegisterAndLogin;
			sourceTree = "<group>";
		};
		3E2E033D181FEEA900B0EE49 /* Resouce */ = {
			isa = PBXGroup;
			children = (
				3E2E033E181FEEA900B0EE49 /* FirstPage */,
				3E2E034B181FEEA900B0EE49 /* RegisterAndLogin */,
			);
			path = Resouce;
			sourceTree = "<group>";
		};
		3E2E033E181FEEA900B0EE49 /* FirstPage */ = {
			isa = PBXGroup;
			children = (
				3E2E033F181FEEA900B0EE49 /* arrowDown.png */,
				3E2E0340181FEEA900B0EE49 /* btnFirstPage.png */,
				3E2E0341181FEEA900B0EE49 /* btnFirstPageH.png */,
				3E2E0342181FEEA900B0EE49 /* btnMine.png */,
				3E2E0343181FEEA900B0EE49 /* btnMineH.png */,
				3E2E0344181FEEA900B0EE49 /* btnMore.png */,
				3E2E0345181FEEA900B0EE49 /* btnMoreH.png */,
				3E2E0346181FEEA900B0EE49 /* btnOderH.png */,
				3E2E0347181FEEA900B0EE49 /* btnOrder.png */,
				3E2E0348181FEEA900B0EE49 /* btnPublish.png */,
				3E2E0349181FEEA900B0EE49 /* btnPublishH.png */,
				3E2E034A181FEEA900B0EE49 /* tabBarBG.png */,
			);
			path = FirstPage;
			sourceTree = "<group>";
		};
		3E2E034B181FEEA900B0EE49 /* RegisterAndLogin */ = {
			isa = PBXGroup;
			children = (
				3E2E034C181FEEA900B0EE49 /* btnBack.png */,
				3E2E034D181FEEA900B0EE49 /* btnDotutor.png */,
				3E2E034E181FEEA900B0EE49 /* btnFindtutor.png */,
				3E2E034F181FEEA900B0EE49 /* btnLogin.png */,
				3E2E0350181FEEA900B0EE49 /* btnLook.png */,
				3E2E0351181FEEA900B0EE49 /* btnNewRegister.png */,
				3E2E0352181FEEA900B0EE49 /* btnRegister.png */,
				3E2E0353181FEEA900B0EE49 /* check.png */,
				3E2E0354181FEEA900B0EE49 /* declarationBG.png */,
				3E2E0355181FEEA900B0EE49 /* imgLogo.png */,
				3E2E0356181FEEA900B0EE49 /* loginInputView.png */,
				3E2E0357181FEEA900B0EE49 /* topbar.png */,
			);
			path = RegisterAndLogin;
			sourceTree = "<group>";
		};
		3EB1784E181D781000A28C0C = {
			isa = PBXGroup;
			children = (
				3EB17860181D781000A28C0C /* Tutor */,
				3EB17879181D781100A28C0C /* TutorTests */,
				3EB17859181D781000A28C0C /* Frameworks */,
				3EB17858181D781000A28C0C /* Products */,
			);
			sourceTree = "<group>";
		};
		3EB17858181D781000A28C0C /* Products */ = {
			isa = PBXGroup;
			children = (
				3EB17857181D781000A28C0C /* Tutor.app */,
				3EB17872181D781100A28C0C /* TutorTests.xctest */,
			);
			name = Products;
			sourceTree = "<group>";
		};
		3EB17859181D781000A28C0C /* Frameworks */ = {
			isa = PBXGroup;
			children = (
				3EB1785A181D781000A28C0C /* Foundation.framework */,
				3EB1785C181D781000A28C0C /* CoreGraphics.framework */,
				3EB1785E181D781000A28C0C /* UIKit.framework */,
				3EB17873181D781100A28C0C /* XCTest.framework */,
			);
			name = Frameworks;
			sourceTree = "<group>";
		};
		3EB17860181D781000A28C0C /* Tutor */ = {
			isa = PBXGroup;
			children = (
				3EB17869181D781000A28C0C /* AppDelegate.h */,
				3EB1786A181D781100A28C0C /* AppDelegate.m */,
				3E267066181FF968002EFEAA /* Library */,
				3E26705E181FF61D002EFEAA /* Data */,
				3E2E0318181FEEA900B0EE49 /* Class */,
				3E2E033D181FEEA900B0EE49 /* Resouce */,
				3EB1786C181D781100A28C0C /* Images.xcassets */,
				3EB17861181D781000A28C0C /* Supporting Files */,
			);
			path = Tutor;
			sourceTree = "<group>";
		};
		3EB17861181D781000A28C0C /* Supporting Files */ = {
			isa = PBXGroup;
			children = (
				3EB17862181D781000A28C0C /* Tutor-Info.plist */,
				3EB17863181D781000A28C0C /* InfoPlist.strings */,
				3EB17866181D781000A28C0C /* main.m */,
				3EB17868181D781000A28C0C /* Tutor-Prefix.pch */,
			);
			name = "Supporting Files";
			sourceTree = "<group>";
		};
		3EB17879181D781100A28C0C /* TutorTests */ = {
			isa = PBXGroup;
			children = (
				3EB1787F181D781100A28C0C /* TutorTests.m */,
				3EB1787A181D781100A28C0C /* Supporting Files */,
			);
			path = TutorTests;
			sourceTree = "<group>";
		};
		3EB1787A181D781100A28C0C /* Supporting Files */ = {
			isa = PBXGroup;
			children = (
				3EB1787B181D781100A28C0C /* TutorTests-Info.plist */,
				3EB1787C181D781100A28C0C /* InfoPlist.strings */,
			);
			name = "Supporting Files";
			sourceTree = "<group>";
		};
/* End PBXGroup section */

/* Begin PBXNativeTarget section */
		3EB17856181D781000A28C0C /* Tutor */ = {
			isa = PBXNativeTarget;
			buildConfigurationList = 3EB17883181D781100A28C0C /* Build configuration list for PBXNativeTarget "Tutor" */;
			buildPhases = (
				3EB17853181D781000A28C0C /* Sources */,
				3EB17854181D781000A28C0C /* Frameworks */,
				3EB17855181D781000A28C0C /* Resources */,
			);
			buildRules = (
			);
			dependencies = (
			);
			name = Tutor;
			productName = Tutor;
			productReference = 3EB17857181D781000A28C0C /* Tutor.app */;
			productType = "com.apple.product-type.application";
		};
		3EB17871181D781100A28C0C /* TutorTests */ = {
			isa = PBXNativeTarget;
			buildConfigurationList = 3EB17886181D781100A28C0C /* Build configuration list for PBXNativeTarget "TutorTests" */;
			buildPhases = (
				3EB1786E181D781100A28C0C /* Sources */,
				3EB1786F181D781100A28C0C /* Frameworks */,
				3EB17870181D781100A28C0C /* Resources */,
			);
			buildRules = (
			);
			dependencies = (
				3EB17878181D781100A28C0C /* PBXTargetDependency */,
			);
			name = TutorTests;
			productName = TutorTests;
			productReference = 3EB17872181D781100A28C0C /* TutorTests.xctest */;
			productType = "com.apple.product-type.bundle.unit-test";
		};
/* End PBXNativeTarget section */

/* Begin PBXProject section */
		3EB1784F181D781000A28C0C /* Project object */ = {
			isa = PBXProject;
			attributes = {
				LastUpgradeCheck = 0500;
				ORGANIZATIONNAME = syzhou;
				TargetAttributes = {
					3EB17871181D781100A28C0C = {
						TestTargetID = 3EB17856181D781000A28C0C;
					};
				};
			};
			buildConfigurationList = 3EB17852181D781000A28C0C /* Build configuration list for PBXProject "Tutor" */;
			compatibilityVersion = "Xcode 3.2";
			developmentRegion = English;
			hasScannedForEncodings = 0;
			knownRegions = (
				en,
			);
			mainGroup = 3EB1784E181D781000A28C0C;
			productRefGroup = 3EB17858181D781000A28C0C /* Products */;
			projectDirPath = "";
			projectRoot = "";
			targets = (
				3EB17856181D781000A28C0C /* Tutor */,
				3EB17871181D781100A28C0C /* TutorTests */,
			);
		};
/* End PBXProject section */

/* Begin PBXResourcesBuildPhase section */
		3EB17855181D781000A28C0C /* Resources */ = {
			isa = PBXResourcesBuildPhase;
			buildActionMask = 2147483647;
			files = (
				3E2E0376181FEEA900B0EE49 /* btnRegister.png in Resources */,
				3E2E0368181FEEA900B0EE49 /* btnMineH.png in Resources */,
				3E2E0365181FEEA900B0EE49 /* btnFirstPage.png in Resources */,
				3E2E036F181FEEA900B0EE49 /* tabBarBG.png in Resources */,
				3E2E0379181FEEA900B0EE49 /* imgLogo.png in Resources */,
				3E2E037B181FEEA900B0EE49 /* topbar.png in Resources */,
				3E2E0377181FEEA900B0EE49 /* check.png in Resources */,
				3E2E0372181FEEA900B0EE49 /* btnFindtutor.png in Resources */,
				3E2E036C181FEEA900B0EE49 /* btnOrder.png in Resources */,
				3EB17865181D781000A28C0C /* InfoPlist.strings in Resources */,
				3E2E0374181FEEA900B0EE49 /* btnLook.png in Resources */,
				3E2E036D181FEEA900B0EE49 /* btnPublish.png in Resources */,
				3E2E0371181FEEA900B0EE49 /* btnDotutor.png in Resources */,
				3EB1786D181D781100A28C0C /* Images.xcassets in Resources */,
				3E2E0370181FEEA900B0EE49 /* btnBack.png in Resources */,
				3E2E036E181FEEA900B0EE49 /* btnPublishH.png in Resources */,
				3E2E0364181FEEA900B0EE49 /* arrowDown.png in Resources */,
				3E2E037A181FEEA900B0EE49 /* loginInputView.png in Resources */,
				3E2E0373181FEEA900B0EE49 /* btnLogin.png in Resources */,
				3E2E036A181FEEA900B0EE49 /* btnMoreH.png in Resources */,
				3E2E0369181FEEA900B0EE49 /* btnMore.png in Resources */,
				3E2E0375181FEEA900B0EE49 /* btnNewRegister.png in Resources */,
				3E2E0366181FEEA900B0EE49 /* btnFirstPageH.png in Resources */,
				3E2E0367181FEEA900B0EE49 /* btnMine.png in Resources */,
				3E2E036B181FEEA900B0EE49 /* btnOderH.png in Resources */,
				3E2E0378181FEEA900B0EE49 /* declarationBG.png in Resources */,
			);
			runOnlyForDeploymentPostprocessing = 0;
		};
		3EB17870181D781100A28C0C /* Resources */ = {
			isa = PBXResourcesBuildPhase;
			buildActionMask = 2147483647;
			files = (
				3EB1787E181D781100A28C0C /* InfoPlist.strings in Resources */,
			);
			runOnlyForDeploymentPostprocessing = 0;
		};
/* End PBXResourcesBuildPhase section */

/* Begin PBXSourcesBuildPhase section */
		3EB17853181D781000A28C0C /* Sources */ = {
			isa = PBXSourcesBuildPhase;
			buildActionMask = 2147483647;
			files = (
				3E267079181FF97A002EFEAA /* SBJsonParser.m in Sources */,
				3E2E0359181FEEA900B0EE49 /* UIImage+NSBundle.m in Sources */,
				3E2E035F181FEEA900B0EE49 /* OrderViewController.m in Sources */,
				3E267075181FF97A002EFEAA /* NSObject+SBJSON.m in Sources */,
				3E2E035B181FEEA900B0EE49 /* CustomTabBarViewController.m in Sources */,
				3E2E0358181FEEA900B0EE49 /* Toolkit.m in Sources */,
				3EB1786B181D781100A28C0C /* AppDelegate.m in Sources */,
				3E2E0363181FEEA900B0EE49 /* WelcomeViewController.m in Sources */,
				3E2E035E181FEEA900B0EE49 /* MoreViewController.m in Sources */,
				3E2E035C181FEEA900B0EE49 /* FirstPageViewController.m in Sources */,
				3EB17867181D781000A28C0C /* main.m in Sources */,
				3E267076181FF97A002EFEAA /* NSString+SBJSON.m in Sources */,
				3E267065181FF633002EFEAA /* SYRequest.m in Sources */,
				3E26707A181FF97A002EFEAA /* SBJsonWriter.m in Sources */,
				3E2E0361181FEEA900B0EE49 /* LoginViewController.m in Sources */,
				3E2E0362181FEEA900B0EE49 /* RegisterViewController.m in Sources */,
				3E267064181FF633002EFEAA /* TutorDataProvider.m in Sources */,
				3E267077181FF97A002EFEAA /* SBJSON.m in Sources */,
				3E2E0360181FEEA900B0EE49 /* PublicViewController.m in Sources */,
				3E267078181FF97A002EFEAA /* SBJsonBase.m in Sources */,
				3E2E035A181FEEA900B0EE49 /* BaseNavigationController.m in Sources */,
				3E2E035D181FEEA900B0EE49 /* MineViewController.m in Sources */,
			);
			runOnlyForDeploymentPostprocessing = 0;
		};
		3EB1786E181D781100A28C0C /* Sources */ = {
			isa = PBXSourcesBuildPhase;
			buildActionMask = 2147483647;
			files = (
				3EB17880181D781100A28C0C /* TutorTests.m in Sources */,
			);
			runOnlyForDeploymentPostprocessing = 0;
		};
/* End PBXSourcesBuildPhase section */

/* Begin PBXTargetDependency section */
		3EB17878181D781100A28C0C /* PBXTargetDependency */ = {
			isa = PBXTargetDependency;
			target = 3EB17856181D781000A28C0C /* Tutor */;
			targetProxy = 3EB17877181D781100A28C0C /* PBXContainerItemProxy */;
		};
/* End PBXTargetDependency section */

/* Begin PBXVariantGroup section */
		3EB17863181D781000A28C0C /* InfoPlist.strings */ = {
			isa = PBXVariantGroup;
			children = (
				3EB17864181D781000A28C0C /* en */,
			);
			name = InfoPlist.strings;
			sourceTree = "<group>";
		};
		3EB1787C181D781100A28C0C /* InfoPlist.strings */ = {
			isa = PBXVariantGroup;
			children = (
				3EB1787D181D781100A28C0C /* en */,
			);
			name = InfoPlist.strings;
			sourceTree = "<group>";
		};
/* End PBXVariantGroup section */

/* Begin XCBuildConfiguration section */
		3EB17881181D781100A28C0C /* Debug */ = {
			isa = XCBuildConfiguration;
			buildSettings = {
				ALWAYS_SEARCH_USER_PATHS = NO;
				ARCHS = "$(ARCHS_STANDARD_INCLUDING_64_BIT)";
				CLANG_CXX_LANGUAGE_STANDARD = "gnu++0x";
				CLANG_CXX_LIBRARY = "libc++";
				CLANG_ENABLE_MODULES = YES;
				CLANG_ENABLE_OBJC_ARC = YES;
				CLANG_WARN_BOOL_CONVERSION = YES;
				CLANG_WARN_CONSTANT_CONVERSION = YES;
				CLANG_WARN_DIRECT_OBJC_ISA_USAGE = YES_ERROR;
				CLANG_WARN_EMPTY_BODY = YES;
				CLANG_WARN_ENUM_CONVERSION = YES;
				CLANG_WARN_INT_CONVERSION = YES;
				CLANG_WARN_OBJC_ROOT_CLASS = YES_ERROR;
				CLANG_WARN__DUPLICATE_METHOD_MATCH = YES;
				"CODE_SIGN_IDENTITY[sdk=iphoneos*]" = "iPhone Developer";
				COPY_PHASE_STRIP = NO;
				GCC_C_LANGUAGE_STANDARD = gnu99;
				GCC_DYNAMIC_NO_PIC = NO;
				GCC_OPTIMIZATION_LEVEL = 0;
				GCC_PREPROCESSOR_DEFINITIONS = (
					"DEBUG=1",
					"$(inherited)",
				);
				GCC_SYMBOLS_PRIVATE_EXTERN = NO;
				GCC_WARN_64_TO_32_BIT_CONVERSION = YES;
				GCC_WARN_ABOUT_RETURN_TYPE = YES_ERROR;
				GCC_WARN_UNDECLARED_SELECTOR = YES;
				GCC_WARN_UNINITIALIZED_AUTOS = YES;
				GCC_WARN_UNUSED_FUNCTION = YES;
				GCC_WARN_UNUSED_VARIABLE = YES;
				IPHONEOS_DEPLOYMENT_TARGET = 7.0;
				ONLY_ACTIVE_ARCH = YES;
				SDKROOT = iphoneos;
			};
			name = Debug;
		};
		3EB17882181D781100A28C0C /* Release */ = {
			isa = XCBuildConfiguration;
			buildSettings = {
				ALWAYS_SEARCH_USER_PATHS = NO;
				ARCHS = "$(ARCHS_STANDARD_INCLUDING_64_BIT)";
				CLANG_CXX_LANGUAGE_STANDARD = "gnu++0x";
				CLANG_CXX_LIBRARY = "libc++";
				CLANG_ENABLE_MODULES = YES;
				CLANG_ENABLE_OBJC_ARC = YES;
				CLANG_WARN_BOOL_CONVERSION = YES;
				CLANG_WARN_CONSTANT_CONVERSION = YES;
				CLANG_WARN_DIRECT_OBJC_ISA_USAGE = YES_ERROR;
				CLANG_WARN_EMPTY_BODY = YES;
				CLANG_WARN_ENUM_CONVERSION = YES;
				CLANG_WARN_INT_CONVERSION = YES;
				CLANG_WARN_OBJC_ROOT_CLASS = YES_ERROR;
				CLANG_WARN__DUPLICATE_METHOD_MATCH = YES;
				"CODE_SIGN_IDENTITY[sdk=iphoneos*]" = "iPhone Developer";
				COPY_PHASE_STRIP = YES;
				ENABLE_NS_ASSERTIONS = NO;
				GCC_C_LANGUAGE_STANDARD = gnu99;
				GCC_WARN_64_TO_32_BIT_CONVERSION = YES;
				GCC_WARN_ABOUT_RETURN_TYPE = YES_ERROR;
				GCC_WARN_UNDECLARED_SELECTOR = YES;
				GCC_WARN_UNINITIALIZED_AUTOS = YES;
				GCC_WARN_UNUSED_FUNCTION = YES;
				GCC_WARN_UNUSED_VARIABLE = YES;
				IPHONEOS_DEPLOYMENT_TARGET = 7.0;
				SDKROOT = iphoneos;
				VALIDATE_PRODUCT = YES;
			};
			name = Release;
		};
		3EB17884181D781100A28C0C /* Debug */ = {
			isa = XCBuildConfiguration;
			buildSettings = {
				ASSETCATALOG_COMPILER_APPICON_NAME = AppIcon;
				ASSETCATALOG_COMPILER_LAUNCHIMAGE_NAME = LaunchImage;
				GCC_PRECOMPILE_PREFIX_HEADER = YES;
				GCC_PREFIX_HEADER = "Tutor/Tutor-Prefix.pch";
				INFOPLIST_FILE = "Tutor/Tutor-Info.plist";
				IPHONEOS_DEPLOYMENT_TARGET = 6.0;
				PRODUCT_NAME = "$(TARGET_NAME)";
				WRAPPER_EXTENSION = app;
			};
			name = Debug;
		};
		3EB17885181D781100A28C0C /* Release */ = {
			isa = XCBuildConfiguration;
			buildSettings = {
				ASSETCATALOG_COMPILER_APPICON_NAME = AppIcon;
				ASSETCATALOG_COMPILER_LAUNCHIMAGE_NAME = LaunchImage;
				GCC_PRECOMPILE_PREFIX_HEADER = YES;
				GCC_PREFIX_HEADER = "Tutor/Tutor-Prefix.pch";
				INFOPLIST_FILE = "Tutor/Tutor-Info.plist";
				IPHONEOS_DEPLOYMENT_TARGET = 6.0;
				PRODUCT_NAME = "$(TARGET_NAME)";
				WRAPPER_EXTENSION = app;
			};
			name = Release;
		};
		3EB17887181D781100A28C0C /* Debug */ = {
			isa = XCBuildConfiguration;
			buildSettings = {
				ARCHS = "$(ARCHS_STANDARD_INCLUDING_64_BIT)";
				BUNDLE_LOADER = "$(BUILT_PRODUCTS_DIR)/Tutor.app/Tutor";
				FRAMEWORK_SEARCH_PATHS = (
					"$(SDKROOT)/Developer/Library/Frameworks",
					"$(inherited)",
					"$(DEVELOPER_FRAMEWORKS_DIR)",
				);
				GCC_PRECOMPILE_PREFIX_HEADER = YES;
				GCC_PREFIX_HEADER = "Tutor/Tutor-Prefix.pch";
				GCC_PREPROCESSOR_DEFINITIONS = (
					"DEBUG=1",
					"$(inherited)",
				);
				INFOPLIST_FILE = "TutorTests/TutorTests-Info.plist";
				PRODUCT_NAME = "$(TARGET_NAME)";
				TEST_HOST = "$(BUNDLE_LOADER)";
				WRAPPER_EXTENSION = xctest;
			};
			name = Debug;
		};
		3EB17888181D781100A28C0C /* Release */ = {
			isa = XCBuildConfiguration;
			buildSettings = {
				ARCHS = "$(ARCHS_STANDARD_INCLUDING_64_BIT)";
				BUNDLE_LOADER = "$(BUILT_PRODUCTS_DIR)/Tutor.app/Tutor";
				FRAMEWORK_SEARCH_PATHS = (
					"$(SDKROOT)/Developer/Library/Frameworks",
					"$(inherited)",
					"$(DEVELOPER_FRAMEWORKS_DIR)",
				);
				GCC_PRECOMPILE_PREFIX_HEADER = YES;
				GCC_PREFIX_HEADER = "Tutor/Tutor-Prefix.pch";
				INFOPLIST_FILE = "TutorTests/TutorTests-Info.plist";
				PRODUCT_NAME = "$(TARGET_NAME)";
				TEST_HOST = "$(BUNDLE_LOADER)";
				WRAPPER_EXTENSION = xctest;
			};
			name = Release;
		};
/* End XCBuildConfiguration section */

/* Begin XCConfigurationList section */
		3EB17852181D781000A28C0C /* Build configuration list for PBXProject "Tutor" */ = {
			isa = XCConfigurationList;
			buildConfigurations = (
				3EB17881181D781100A28C0C /* Debug */,
				3EB17882181D781100A28C0C /* Release */,
			);
			defaultConfigurationIsVisible = 0;
			defaultConfigurationName = Release;
		};
		3EB17883181D781100A28C0C /* Build configuration list for PBXNativeTarget "Tutor" */ = {
			isa = XCConfigurationList;
			buildConfigurations = (
				3EB17884181D781100A28C0C /* Debug */,
				3EB17885181D781100A28C0C /* Release */,
			);
			defaultConfigurationIsVisible = 0;
			defaultConfigurationName = Release;
		};
		3EB17886181D781100A28C0C /* Build configuration list for PBXNativeTarget "TutorTests" */ = {
			isa = XCConfigurationList;
			buildConfigurations = (
				3EB17887181D781100A28C0C /* Debug */,
				3EB17888181D781100A28C0C /* Release */,
			);
			defaultConfigurationIsVisible = 0;
			defaultConfigurationName = Release;
		};
/* End XCConfigurationList section */
	};
	rootObject = 3EB1784F181D781000A28C0C /* Project object */;
}
